// !$*UTF8*$!
{
	archiveVersion = 1;
	classes = {
	};
	objectVersion = 46;
	objects = {

/* Begin PBXBuildFile section */
		5D33524C19846F530049584A /* RegistrationViewController.m in Sources */ = {isa = PBXBuildFile; fileRef = 5D33524B19846F530049584A /* RegistrationViewController.m */; };
		5D33524F198473F20049584A /* LandingViewController.m in Sources */ = {isa = PBXBuildFile; fileRef = 5D33524E198473F20049584A /* LandingViewController.m */; };
		5D33525219847E140049584A /* AccountBasicsViewController.m in Sources */ = {isa = PBXBuildFile; fileRef = 5D33525119847E140049584A /* AccountBasicsViewController.m */; };
		5D3352551984A1060049584A /* UIImage+Resize.m in Sources */ = {isa = PBXBuildFile; fileRef = 5D3352541984A1060049584A /* UIImage+Resize.m */; };
		609853BEAE19462A9F70A30C /* libPods.a in Frameworks */ = {isa = PBXBuildFile; fileRef = A7A7E1F6DD004E0082A663DB /* libPods.a */; };
		650B2953198455C20097CA76 /* Foundation.framework in Frameworks */ = {isa = PBXBuildFile; fileRef = 650B2952198455C20097CA76 /* Foundation.framework */; };
		650B2955198455C20097CA76 /* CoreGraphics.framework in Frameworks */ = {isa = PBXBuildFile; fileRef = 650B2954198455C20097CA76 /* CoreGraphics.framework */; };
		650B2957198455C20097CA76 /* UIKit.framework in Frameworks */ = {isa = PBXBuildFile; fileRef = 650B2956198455C20097CA76 /* UIKit.framework */; };
		650B2959198455C20097CA76 /* CoreData.framework in Frameworks */ = {isa = PBXBuildFile; fileRef = 650B2958198455C20097CA76 /* CoreData.framework */; };
		650B295F198455C20097CA76 /* InfoPlist.strings in Resources */ = {isa = PBXBuildFile; fileRef = 650B295D198455C20097CA76 /* InfoPlist.strings */; };
		650B2961198455C20097CA76 /* main.m in Sources */ = {isa = PBXBuildFile; fileRef = 650B2960198455C20097CA76 /* main.m */; };
		650B2965198455C30097CA76 /* AppDelegate.m in Sources */ = {isa = PBXBuildFile; fileRef = 650B2964198455C30097CA76 /* AppDelegate.m */; };
		650B2968198455C30097CA76 /* hottub.xcdatamodeld in Sources */ = {isa = PBXBuildFile; fileRef = 650B2966198455C30097CA76 /* hottub.xcdatamodeld */; };
		650B296A198455C30097CA76 /* Images.xcassets in Resources */ = {isa = PBXBuildFile; fileRef = 650B2969198455C30097CA76 /* Images.xcassets */; };
		650B2971198455C30097CA76 /* XCTest.framework in Frameworks */ = {isa = PBXBuildFile; fileRef = 650B2970198455C30097CA76 /* XCTest.framework */; };
		650B2972198455C30097CA76 /* Foundation.framework in Frameworks */ = {isa = PBXBuildFile; fileRef = 650B2952198455C20097CA76 /* Foundation.framework */; };
		650B2973198455C30097CA76 /* UIKit.framework in Frameworks */ = {isa = PBXBuildFile; fileRef = 650B2956198455C20097CA76 /* UIKit.framework */; };
		650B2974198455C30097CA76 /* CoreData.framework in Frameworks */ = {isa = PBXBuildFile; fileRef = 650B2958198455C20097CA76 /* CoreData.framework */; };
		650B297C198455C30097CA76 /* InfoPlist.strings in Resources */ = {isa = PBXBuildFile; fileRef = 650B297A198455C30097CA76 /* InfoPlist.strings */; };
		650B297E198455C30097CA76 /* hottubTests.m in Sources */ = {isa = PBXBuildFile; fileRef = 650B297D198455C30097CA76 /* hottubTests.m */; };
		650B298C19847CB80097CA76 /* AccountDetailsViewController.m in Sources */ = {isa = PBXBuildFile; fileRef = 650B298B19847CB80097CA76 /* AccountDetailsViewController.m */; };
		6588E3D51984A35A00DDC675 /* CouchbaseLite.framework in Frameworks */ = {isa = PBXBuildFile; fileRef = 6588E3D41984A35A00DDC675 /* CouchbaseLite.framework */; };
		6588E3D61984A35A00DDC675 /* CouchbaseLite.framework in Frameworks */ = {isa = PBXBuildFile; fileRef = 6588E3D41984A35A00DDC675 /* CouchbaseLite.framework */; };
		6588E3D81984A40E00DDC675 /* SystemConfiguration.framework in Frameworks */ = {isa = PBXBuildFile; fileRef = 6588E3D71984A40E00DDC675 /* SystemConfiguration.framework */; };
		6588E3E11984B73000DDC675 /* FindFriendsViewController.m in Sources */ = {isa = PBXBuildFile; fileRef = 6588E3E01984B73000DDC675 /* FindFriendsViewController.m */; };
		6588E3E41984B74300DDC675 /* ListFriendsViewController.m in Sources */ = {isa = PBXBuildFile; fileRef = 6588E3E31984B74300DDC675 /* ListFriendsViewController.m */; };
		6588E3E71984B75400DDC675 /* MainViewController.m in Sources */ = {isa = PBXBuildFile; fileRef = 6588E3E61984B75400DDC675 /* MainViewController.m */; };
		6EAAC6FB198494D200B1315D /* WSMLogger.m in Sources */ = {isa = PBXBuildFile; fileRef = 6EAAC6F6198494D200B1315D /* WSMLogger.m */; };
		6EAAC6FC198494D200B1315D /* WSMLogger.m in Sources */ = {isa = PBXBuildFile; fileRef = 6EAAC6F6198494D200B1315D /* WSMLogger.m */; };
		6EAAC6FD198494D200B1315D /* WSMColorPalette.m in Sources */ = {isa = PBXBuildFile; fileRef = 6EAAC6F8198494D200B1315D /* WSMColorPalette.m */; };
		6EAAC6FE198494D200B1315D /* WSMColorPalette.m in Sources */ = {isa = PBXBuildFile; fileRef = 6EAAC6F8198494D200B1315D /* WSMColorPalette.m */; };
		6EAAC6FF198494D200B1315D /* CBLDatabase+WSMUtilities.m in Sources */ = {isa = PBXBuildFile; fileRef = 6EAAC6FA198494D200B1315D /* CBLDatabase+WSMUtilities.m */; };
		6EAAC700198494D200B1315D /* CBLDatabase+WSMUtilities.m in Sources */ = {isa = PBXBuildFile; fileRef = 6EAAC6FA198494D200B1315D /* CBLDatabase+WSMUtilities.m */; };
		6EAAC7061984952000B1315D /* libz.dylib in Frameworks */ = {isa = PBXBuildFile; fileRef = 6EAAC7051984952000B1315D /* libz.dylib */; };
		6EAAC7081984952700B1315D /* libsqlite3.dylib in Frameworks */ = {isa = PBXBuildFile; fileRef = 6EAAC7071984952700B1315D /* libsqlite3.dylib */; };
		6EAAC70A1984953900B1315D /* CFNetwork.framework in Frameworks */ = {isa = PBXBuildFile; fileRef = 6EAAC7091984953900B1315D /* CFNetwork.framework */; };
		6EAAC70C1984954000B1315D /* Security.framework in Frameworks */ = {isa = PBXBuildFile; fileRef = 6EAAC70B1984954000B1315D /* Security.framework */; };
		6EAAC70E1984954D00B1315D /* CoreBluetooth.framework in Frameworks */ = {isa = PBXBuildFile; fileRef = 6EAAC70D1984954D00B1315D /* CoreBluetooth.framework */; };
		6EAAC711198497E600B1315D /* HTAdvertiser.m in Sources */ = {isa = PBXBuildFile; fileRef = 6EAAC710198497E600B1315D /* HTAdvertiser.m */; };
		6EAAC712198497E600B1315D /* HTAdvertiser.m in Sources */ = {isa = PBXBuildFile; fileRef = 6EAAC710198497E600B1315D /* HTAdvertiser.m */; };
		6EAAC715198498AD00B1315D /* HTUser.m in Sources */ = {isa = PBXBuildFile; fileRef = 6EAAC714198498AD00B1315D /* HTUser.m */; };
		6EAAC716198498AD00B1315D /* HTUser.m in Sources */ = {isa = PBXBuildFile; fileRef = 6EAAC714198498AD00B1315D /* HTUser.m */; };
		6EAAC7211984996300B1315D /* HTModel.m in Sources */ = {isa = PBXBuildFile; fileRef = 6EAAC7201984996300B1315D /* HTModel.m */; };
		6EAAC7221984996300B1315D /* HTModel.m in Sources */ = {isa = PBXBuildFile; fileRef = 6EAAC7201984996300B1315D /* HTModel.m */; };
		6ED206A91984AFAD00645BBD /* HTUserManager.m in Sources */ = {isa = PBXBuildFile; fileRef = 6ED206A81984AFAD00645BBD /* HTUserManager.m */; };
		6ED206AA1984AFAD00645BBD /* HTUserManager.m in Sources */ = {isa = PBXBuildFile; fileRef = 6ED206A81984AFAD00645BBD /* HTUserManager.m */; };
/* End PBXBuildFile section */

/* Begin PBXContainerItemProxy section */
		650B2975198455C30097CA76 /* PBXContainerItemProxy */ = {
			isa = PBXContainerItemProxy;
			containerPortal = 650B2947198455C20097CA76 /* Project object */;
			proxyType = 1;
			remoteGlobalIDString = 650B294E198455C20097CA76;
			remoteInfo = hottub;
		};
/* End PBXContainerItemProxy section */

/* Begin PBXFileReference section */
		5D33524A19846F530049584A /* RegistrationViewController.h */ = {isa = PBXFileReference; fileEncoding = 4; lastKnownFileType = sourcecode.c.h; path = RegistrationViewController.h; sourceTree = "<group>"; };
		5D33524B19846F530049584A /* RegistrationViewController.m */ = {isa = PBXFileReference; fileEncoding = 4; lastKnownFileType = sourcecode.c.objc; path = RegistrationViewController.m; sourceTree = "<group>"; };
		5D33524D198473F20049584A /* LandingViewController.h */ = {isa = PBXFileReference; fileEncoding = 4; lastKnownFileType = sourcecode.c.h; path = LandingViewController.h; sourceTree = "<group>"; };
		5D33524E198473F20049584A /* LandingViewController.m */ = {isa = PBXFileReference; fileEncoding = 4; lastKnownFileType = sourcecode.c.objc; path = LandingViewController.m; sourceTree = "<group>"; };
		5D33525019847E140049584A /* AccountBasicsViewController.h */ = {isa = PBXFileReference; fileEncoding = 4; lastKnownFileType = sourcecode.c.h; path = AccountBasicsViewController.h; sourceTree = "<group>"; };
		5D33525119847E140049584A /* AccountBasicsViewController.m */ = {isa = PBXFileReference; fileEncoding = 4; lastKnownFileType = sourcecode.c.objc; path = AccountBasicsViewController.m; sourceTree = "<group>"; };
		5D3352531984A1060049584A /* UIImage+Resize.h */ = {isa = PBXFileReference; fileEncoding = 4; lastKnownFileType = sourcecode.c.h; path = "UIImage+Resize.h"; sourceTree = "<group>"; };
		5D3352541984A1060049584A /* UIImage+Resize.m */ = {isa = PBXFileReference; fileEncoding = 4; lastKnownFileType = sourcecode.c.objc; path = "UIImage+Resize.m"; sourceTree = "<group>"; };
		650B294F198455C20097CA76 /* hottub.app */ = {isa = PBXFileReference; explicitFileType = wrapper.application; includeInIndex = 0; path = hottub.app; sourceTree = BUILT_PRODUCTS_DIR; };
		650B2952198455C20097CA76 /* Foundation.framework */ = {isa = PBXFileReference; lastKnownFileType = wrapper.framework; name = Foundation.framework; path = System/Library/Frameworks/Foundation.framework; sourceTree = SDKROOT; };
		650B2954198455C20097CA76 /* CoreGraphics.framework */ = {isa = PBXFileReference; lastKnownFileType = wrapper.framework; name = CoreGraphics.framework; path = System/Library/Frameworks/CoreGraphics.framework; sourceTree = SDKROOT; };
		650B2956198455C20097CA76 /* UIKit.framework */ = {isa = PBXFileReference; lastKnownFileType = wrapper.framework; name = UIKit.framework; path = System/Library/Frameworks/UIKit.framework; sourceTree = SDKROOT; };
		650B2958198455C20097CA76 /* CoreData.framework */ = {isa = PBXFileReference; lastKnownFileType = wrapper.framework; name = CoreData.framework; path = System/Library/Frameworks/CoreData.framework; sourceTree = SDKROOT; };
		650B295C198455C20097CA76 /* hottub-Info.plist */ = {isa = PBXFileReference; lastKnownFileType = text.plist.xml; path = "hottub-Info.plist"; sourceTree = "<group>"; };
		650B295E198455C20097CA76 /* en */ = {isa = PBXFileReference; lastKnownFileType = text.plist.strings; name = en; path = en.lproj/InfoPlist.strings; sourceTree = "<group>"; };
		650B2960198455C20097CA76 /* main.m */ = {isa = PBXFileReference; lastKnownFileType = sourcecode.c.objc; path = main.m; sourceTree = "<group>"; };
		650B2962198455C30097CA76 /* hottub-Prefix.pch */ = {isa = PBXFileReference; lastKnownFileType = sourcecode.c.h; path = "hottub-Prefix.pch"; sourceTree = "<group>"; };
		650B2963198455C30097CA76 /* AppDelegate.h */ = {isa = PBXFileReference; lastKnownFileType = sourcecode.c.h; path = AppDelegate.h; sourceTree = "<group>"; };
		650B2964198455C30097CA76 /* AppDelegate.m */ = {isa = PBXFileReference; lastKnownFileType = sourcecode.c.objc; path = AppDelegate.m; sourceTree = "<group>"; };
		650B2967198455C30097CA76 /* hottub.xcdatamodel */ = {isa = PBXFileReference; lastKnownFileType = wrapper.xcdatamodel; path = hottub.xcdatamodel; sourceTree = "<group>"; };
		650B2969198455C30097CA76 /* Images.xcassets */ = {isa = PBXFileReference; lastKnownFileType = folder.assetcatalog; path = Images.xcassets; sourceTree = "<group>"; };
		650B296F198455C30097CA76 /* hottubTests.xctest */ = {isa = PBXFileReference; explicitFileType = wrapper.cfbundle; includeInIndex = 0; path = hottubTests.xctest; sourceTree = BUILT_PRODUCTS_DIR; };
		650B2970198455C30097CA76 /* XCTest.framework */ = {isa = PBXFileReference; lastKnownFileType = wrapper.framework; name = XCTest.framework; path = Library/Frameworks/XCTest.framework; sourceTree = DEVELOPER_DIR; };
		650B2979198455C30097CA76 /* hottubTests-Info.plist */ = {isa = PBXFileReference; lastKnownFileType = text.plist.xml; path = "hottubTests-Info.plist"; sourceTree = "<group>"; };
		650B297B198455C30097CA76 /* en */ = {isa = PBXFileReference; lastKnownFileType = text.plist.strings; name = en; path = en.lproj/InfoPlist.strings; sourceTree = "<group>"; };
		650B297D198455C30097CA76 /* hottubTests.m */ = {isa = PBXFileReference; lastKnownFileType = sourcecode.c.objc; path = hottubTests.m; sourceTree = "<group>"; };
		650B298A19847CB80097CA76 /* AccountDetailsViewController.h */ = {isa = PBXFileReference; fileEncoding = 4; lastKnownFileType = sourcecode.c.h; path = AccountDetailsViewController.h; sourceTree = "<group>"; };
		650B298B19847CB80097CA76 /* AccountDetailsViewController.m */ = {isa = PBXFileReference; fileEncoding = 4; lastKnownFileType = sourcecode.c.objc; path = AccountDetailsViewController.m; sourceTree = "<group>"; };
		6588E3D41984A35A00DDC675 /* CouchbaseLite.framework */ = {isa = PBXFileReference; lastKnownFileType = wrapper.framework; path = CouchbaseLite.framework; sourceTree = "<group>"; };
		6588E3D71984A40E00DDC675 /* SystemConfiguration.framework */ = {isa = PBXFileReference; lastKnownFileType = wrapper.framework; name = SystemConfiguration.framework; path = System/Library/Frameworks/SystemConfiguration.framework; sourceTree = SDKROOT; };
		6588E3DF1984B73000DDC675 /* FindFriendsViewController.h */ = {isa = PBXFileReference; fileEncoding = 4; lastKnownFileType = sourcecode.c.h; path = FindFriendsViewController.h; sourceTree = "<group>"; };
		6588E3E01984B73000DDC675 /* FindFriendsViewController.m */ = {isa = PBXFileReference; fileEncoding = 4; lastKnownFileType = sourcecode.c.objc; path = FindFriendsViewController.m; sourceTree = "<group>"; };
		6588E3E21984B74300DDC675 /* ListFriendsViewController.h */ = {isa = PBXFileReference; fileEncoding = 4; lastKnownFileType = sourcecode.c.h; path = ListFriendsViewController.h; sourceTree = "<group>"; };
		6588E3E31984B74300DDC675 /* ListFriendsViewController.m */ = {isa = PBXFileReference; fileEncoding = 4; lastKnownFileType = sourcecode.c.objc; path = ListFriendsViewController.m; sourceTree = "<group>"; };
		6588E3E51984B75400DDC675 /* MainViewController.h */ = {isa = PBXFileReference; fileEncoding = 4; lastKnownFileType = sourcecode.c.h; path = MainViewController.h; sourceTree = "<group>"; };
		6588E3E61984B75400DDC675 /* MainViewController.m */ = {isa = PBXFileReference; fileEncoding = 4; lastKnownFileType = sourcecode.c.objc; path = MainViewController.m; sourceTree = "<group>"; };
		6EAAC6F3198494D200B1315D /* WSMUtilities.h */ = {isa = PBXFileReference; fileEncoding = 4; lastKnownFileType = sourcecode.c.h; path = WSMUtilities.h; sourceTree = "<group>"; };
		6EAAC6F4198494D200B1315D /* WSMMacros.h */ = {isa = PBXFileReference; fileEncoding = 4; lastKnownFileType = sourcecode.c.h; path = WSMMacros.h; sourceTree = "<group>"; };
		6EAAC6F5198494D200B1315D /* WSMLogger.h */ = {isa = PBXFileReference; fileEncoding = 4; lastKnownFileType = sourcecode.c.h; path = WSMLogger.h; sourceTree = "<group>"; };
		6EAAC6F6198494D200B1315D /* WSMLogger.m */ = {isa = PBXFileReference; fileEncoding = 4; lastKnownFileType = sourcecode.c.objc; path = WSMLogger.m; sourceTree = "<group>"; };
		6EAAC6F7198494D200B1315D /* WSMColorPalette.h */ = {isa = PBXFileReference; fileEncoding = 4; lastKnownFileType = sourcecode.c.h; path = WSMColorPalette.h; sourceTree = "<group>"; };
		6EAAC6F8198494D200B1315D /* WSMColorPalette.m */ = {isa = PBXFileReference; fileEncoding = 4; lastKnownFileType = sourcecode.c.objc; path = WSMColorPalette.m; sourceTree = "<group>"; };
		6EAAC6F9198494D200B1315D /* CBLDatabase+WSMUtilities.h */ = {isa = PBXFileReference; fileEncoding = 4; lastKnownFileType = sourcecode.c.h; path = "CBLDatabase+WSMUtilities.h"; sourceTree = "<group>"; };
		6EAAC6FA198494D200B1315D /* CBLDatabase+WSMUtilities.m */ = {isa = PBXFileReference; fileEncoding = 4; lastKnownFileType = sourcecode.c.objc; path = "CBLDatabase+WSMUtilities.m"; sourceTree = "<group>"; };
		6EAAC7051984952000B1315D /* libz.dylib */ = {isa = PBXFileReference; lastKnownFileType = "compiled.mach-o.dylib"; name = libz.dylib; path = usr/lib/libz.dylib; sourceTree = SDKROOT; };
		6EAAC7071984952700B1315D /* libsqlite3.dylib */ = {isa = PBXFileReference; lastKnownFileType = "compiled.mach-o.dylib"; name = libsqlite3.dylib; path = usr/lib/libsqlite3.dylib; sourceTree = SDKROOT; };
		6EAAC7091984953900B1315D /* CFNetwork.framework */ = {isa = PBXFileReference; lastKnownFileType = wrapper.framework; name = CFNetwork.framework; path = System/Library/Frameworks/CFNetwork.framework; sourceTree = SDKROOT; };
		6EAAC70B1984954000B1315D /* Security.framework */ = {isa = PBXFileReference; lastKnownFileType = wrapper.framework; name = Security.framework; path = System/Library/Frameworks/Security.framework; sourceTree = SDKROOT; };
		6EAAC70D1984954D00B1315D /* CoreBluetooth.framework */ = {isa = PBXFileReference; lastKnownFileType = wrapper.framework; name = CoreBluetooth.framework; path = System/Library/Frameworks/CoreBluetooth.framework; sourceTree = SDKROOT; };
		6EAAC70F198497E600B1315D /* HTAdvertiser.h */ = {isa = PBXFileReference; fileEncoding = 4; lastKnownFileType = sourcecode.c.h; path = HTAdvertiser.h; sourceTree = "<group>"; };
		6EAAC710198497E600B1315D /* HTAdvertiser.m */ = {isa = PBXFileReference; fileEncoding = 4; lastKnownFileType = sourcecode.c.objc; path = HTAdvertiser.m; sourceTree = "<group>"; };
		6EAAC713198498AD00B1315D /* HTUser.h */ = {isa = PBXFileReference; fileEncoding = 4; lastKnownFileType = sourcecode.c.h; path = HTUser.h; sourceTree = "<group>"; };
		6EAAC714198498AD00B1315D /* HTUser.m */ = {isa = PBXFileReference; fileEncoding = 4; lastKnownFileType = sourcecode.c.objc; path = HTUser.m; sourceTree = "<group>"; };
		6EAAC71F1984996300B1315D /* HTModel.h */ = {isa = PBXFileReference; fileEncoding = 4; lastKnownFileType = sourcecode.c.h; path = HTModel.h; sourceTree = "<group>"; };
		6EAAC7201984996300B1315D /* HTModel.m */ = {isa = PBXFileReference; fileEncoding = 4; lastKnownFileType = sourcecode.c.objc; path = HTModel.m; sourceTree = "<group>"; };
		6ED206A71984AFAD00645BBD /* HTUserManager.h */ = {isa = PBXFileReference; fileEncoding = 4; lastKnownFileType = sourcecode.c.h; path = HTUserManager.h; sourceTree = "<group>"; };
		6ED206A81984AFAD00645BBD /* HTUserManager.m */ = {isa = PBXFileReference; fileEncoding = 4; lastKnownFileType = sourcecode.c.objc; path = HTUserManager.m; sourceTree = "<group>"; };
		87663D3A33D9405A8C6ED099 /* Pods.xcconfig */ = {isa = PBXFileReference; includeInIndex = 1; lastKnownFileType = text.xcconfig; name = Pods.xcconfig; path = Pods/Pods.xcconfig; sourceTree = "<group>"; };
		A7A7E1F6DD004E0082A663DB /* libPods.a */ = {isa = PBXFileReference; explicitFileType = archive.ar; includeInIndex = 0; path = libPods.a; sourceTree = BUILT_PRODUCTS_DIR; };
/* End PBXFileReference section */

/* Begin PBXFrameworksBuildPhase section */
		650B294C198455C20097CA76 /* Frameworks */ = {
			isa = PBXFrameworksBuildPhase;
			buildActionMask = 2147483647;
			files = (
				6588E3D81984A40E00DDC675 /* SystemConfiguration.framework in Frameworks */,
				650B2955198455C20097CA76 /* CoreGraphics.framework in Frameworks */,
				650B2959198455C20097CA76 /* CoreData.framework in Frameworks */,
				650B2957198455C20097CA76 /* UIKit.framework in Frameworks */,
				650B2953198455C20097CA76 /* Foundation.framework in Frameworks */,
				650B2959198455C20097CA76 /* CoreData.framework in Frameworks */,
				6EAAC70E1984954D00B1315D /* CoreBluetooth.framework in Frameworks */,
				6EAAC70C1984954000B1315D /* Security.framework in Frameworks */,
				6EAAC70A1984953900B1315D /* CFNetwork.framework in Frameworks */,
				6EAAC7081984952700B1315D /* libsqlite3.dylib in Frameworks */,
				6EAAC7061984952000B1315D /* libz.dylib in Frameworks */,
				6588E3D51984A35A00DDC675 /* CouchbaseLite.framework in Frameworks */,
				650B2955198455C20097CA76 /* CoreGraphics.framework in Frameworks */,
				650B2957198455C20097CA76 /* UIKit.framework in Frameworks */,
				650B2953198455C20097CA76 /* Foundation.framework in Frameworks */,
				609853BEAE19462A9F70A30C /* libPods.a in Frameworks */,
			);
			runOnlyForDeploymentPostprocessing = 0;
		};
		650B296C198455C30097CA76 /* Frameworks */ = {
			isa = PBXFrameworksBuildPhase;
			buildActionMask = 2147483647;
			files = (
				6588E3D61984A35A00DDC675 /* CouchbaseLite.framework in Frameworks */,
				650B2971198455C30097CA76 /* XCTest.framework in Frameworks */,
				650B2974198455C30097CA76 /* CoreData.framework in Frameworks */,
				650B2973198455C30097CA76 /* UIKit.framework in Frameworks */,
				650B2972198455C30097CA76 /* Foundation.framework in Frameworks */,
			);
			runOnlyForDeploymentPostprocessing = 0;
		};
/* End PBXFrameworksBuildPhase section */

/* Begin PBXGroup section */
		650B2946198455C20097CA76 = {
			isa = PBXGroup;
			children = (
				650B295A198455C20097CA76 /* hottub */,
				650B2977198455C30097CA76 /* hottubTests */,
				650B2951198455C20097CA76 /* Frameworks */,
				650B2950198455C20097CA76 /* Products */,
				87663D3A33D9405A8C6ED099 /* Pods.xcconfig */,
			);
			sourceTree = "<group>";
		};
		650B2950198455C20097CA76 /* Products */ = {
			isa = PBXGroup;
			children = (
				650B294F198455C20097CA76 /* hottub.app */,
				650B296F198455C30097CA76 /* hottubTests.xctest */,
			);
			name = Products;
			sourceTree = "<group>";
		};
		650B2951198455C20097CA76 /* Frameworks */ = {
			isa = PBXGroup;
			children = (
				6588E3D71984A40E00DDC675 /* SystemConfiguration.framework */,
				6588E3D41984A35A00DDC675 /* CouchbaseLite.framework */,
				6EAAC70D1984954D00B1315D /* CoreBluetooth.framework */,
				6EAAC70B1984954000B1315D /* Security.framework */,
				6EAAC7091984953900B1315D /* CFNetwork.framework */,
				6EAAC7071984952700B1315D /* libsqlite3.dylib */,
				6EAAC7051984952000B1315D /* libz.dylib */,
				650B2952198455C20097CA76 /* Foundation.framework */,
				650B2954198455C20097CA76 /* CoreGraphics.framework */,
				650B2956198455C20097CA76 /* UIKit.framework */,
				650B2958198455C20097CA76 /* CoreData.framework */,
				650B2970198455C30097CA76 /* XCTest.framework */,
				A7A7E1F6DD004E0082A663DB /* libPods.a */,
			);
			name = Frameworks;
			sourceTree = "<group>";
		};
		650B295A198455C20097CA76 /* hottub */ = {
			isa = PBXGroup;
			children = (
				650B2963198455C30097CA76 /* AppDelegate.h */,
				650B2964198455C30097CA76 /* AppDelegate.m */,
				6588E3D91984B5BE00DDC675 /* InitialLaunchViews */,
				6588E3DB1984B66E00DDC675 /* CoreViews */,
				6588E3DA1984B66200DDC675 /* HTModels */,
				5D3352531984A1060049584A /* UIImage+Resize.h */,
				5D3352541984A1060049584A /* UIImage+Resize.m */,
				650B2969198455C30097CA76 /* Images.xcassets */,
				650B2966198455C30097CA76 /* hottub.xcdatamodeld */,
				650B295B198455C20097CA76 /* Supporting Files */,
			);
			path = hottub;
			sourceTree = "<group>";
		};
		650B295B198455C20097CA76 /* Supporting Files */ = {
			isa = PBXGroup;
			children = (
				6EAAC701198494DE00B1315D /* Utilities */,
				650B295C198455C20097CA76 /* hottub-Info.plist */,
				650B295D198455C20097CA76 /* InfoPlist.strings */,
				650B2960198455C20097CA76 /* main.m */,
				650B2962198455C30097CA76 /* hottub-Prefix.pch */,
			);
			name = "Supporting Files";
			sourceTree = "<group>";
		};
		650B2977198455C30097CA76 /* hottubTests */ = {
			isa = PBXGroup;
			children = (
				650B297D198455C30097CA76 /* hottubTests.m */,
				650B2978198455C30097CA76 /* Supporting Files */,
			);
			path = hottubTests;
			sourceTree = "<group>";
		};
		650B2978198455C30097CA76 /* Supporting Files */ = {
			isa = PBXGroup;
			children = (
				650B2979198455C30097CA76 /* hottubTests-Info.plist */,
				650B297A198455C30097CA76 /* InfoPlist.strings */,
			);
			name = "Supporting Files";
			sourceTree = "<group>";
		};
		6588E3D91984B5BE00DDC675 /* InitialLaunchViews */ = {
			isa = PBXGroup;
			children = (
				5D33524A19846F530049584A /* RegistrationViewController.h */,
				5D33524B19846F530049584A /* RegistrationViewController.m */,
				5D33524D198473F20049584A /* LandingViewController.h */,
				5D33524E198473F20049584A /* LandingViewController.m */,
				5D33525019847E140049584A /* AccountBasicsViewController.h */,
				5D33525119847E140049584A /* AccountBasicsViewController.m */,
				650B298A19847CB80097CA76 /* AccountDetailsViewController.h */,
				650B298B19847CB80097CA76 /* AccountDetailsViewController.m */,
			);
			name = InitialLaunchViews;
			sourceTree = "<group>";
		};
		6588E3DA1984B66200DDC675 /* HTModels */ = {
			isa = PBXGroup;
			children = (
				6EAAC70F198497E600B1315D /* HTAdvertiser.h */,
				6EAAC710198497E600B1315D /* HTAdvertiser.m */,
				6ED206A71984AFAD00645BBD /* HTUserManager.h */,
				6ED206A81984AFAD00645BBD /* HTUserManager.m */,
				6EAAC713198498AD00B1315D /* HTUser.h */,
				6EAAC714198498AD00B1315D /* HTUser.m */,
				6EAAC71F1984996300B1315D /* HTModel.h */,
				6EAAC7201984996300B1315D /* HTModel.m */,
			);
			name = HTModels;
			sourceTree = "<group>";
		};
		6588E3DB1984B66E00DDC675 /* CoreViews */ = {
			isa = PBXGroup;
			children = (
				6588E3E51984B75400DDC675 /* MainViewController.h */,
				6588E3E61984B75400DDC675 /* MainViewController.m */,
				6588E3DF1984B73000DDC675 /* FindFriendsViewController.h */,
				6588E3E01984B73000DDC675 /* FindFriendsViewController.m */,
				6588E3E21984B74300DDC675 /* ListFriendsViewController.h */,
				6588E3E31984B74300DDC675 /* ListFriendsViewController.m */,
			);
			name = CoreViews;
			sourceTree = "<group>";
		};
		6EAAC701198494DE00B1315D /* Utilities */ = {
			isa = PBXGroup;
			children = (
				6EAAC6F3198494D200B1315D /* WSMUtilities.h */,
				6EAAC6F4198494D200B1315D /* WSMMacros.h */,
				6EAAC6F5198494D200B1315D /* WSMLogger.h */,
				6EAAC6F6198494D200B1315D /* WSMLogger.m */,
				6EAAC6F7198494D200B1315D /* WSMColorPalette.h */,
				6EAAC6F8198494D200B1315D /* WSMColorPalette.m */,
				6EAAC6F9198494D200B1315D /* CBLDatabase+WSMUtilities.h */,
				6EAAC6FA198494D200B1315D /* CBLDatabase+WSMUtilities.m */,
			);
			name = Utilities;
			sourceTree = "<group>";
		};
/* End PBXGroup section */

/* Begin PBXNativeTarget section */
		650B294E198455C20097CA76 /* hottub */ = {
			isa = PBXNativeTarget;
			buildConfigurationList = 650B2981198455C30097CA76 /* Build configuration list for PBXNativeTarget "hottub" */;
			buildPhases = (
				13BE1698D0AC4B5E8C7E261B /* Check Pods Manifest.lock */,
				650B294B198455C20097CA76 /* Sources */,
				650B294C198455C20097CA76 /* Frameworks */,
				650B294D198455C20097CA76 /* Resources */,
				352E84736B254BEEABDF3650 /* Copy Pods Resources */,
			);
			buildRules = (
			);
			dependencies = (
			);
			name = hottub;
			productName = hottub;
			productReference = 650B294F198455C20097CA76 /* hottub.app */;
			productType = "com.apple.product-type.application";
		};
		650B296E198455C30097CA76 /* hottubTests */ = {
			isa = PBXNativeTarget;
			buildConfigurationList = 650B2984198455C30097CA76 /* Build configuration list for PBXNativeTarget "hottubTests" */;
			buildPhases = (
				650B296B198455C30097CA76 /* Sources */,
				650B296C198455C30097CA76 /* Frameworks */,
				650B296D198455C30097CA76 /* Resources */,
			);
			buildRules = (
			);
			dependencies = (
				650B2976198455C30097CA76 /* PBXTargetDependency */,
			);
			name = hottubTests;
			productName = hottubTests;
			productReference = 650B296F198455C30097CA76 /* hottubTests.xctest */;
			productType = "com.apple.product-type.bundle.unit-test";
		};
/* End PBXNativeTarget section */

/* Begin PBXProject section */
		650B2947198455C20097CA76 /* Project object */ = {
			isa = PBXProject;
			attributes = {
				LastUpgradeCheck = 0510;
				ORGANIZATIONNAME = daheins;
				TargetAttributes = {
					650B294E198455C20097CA76 = {
						DevelopmentTeam = BM6B69ZQSR;
					};
					650B296E198455C30097CA76 = {
						TestTargetID = 650B294E198455C20097CA76;
					};
				};
			};
			buildConfigurationList = 650B294A198455C20097CA76 /* Build configuration list for PBXProject "hottub" */;
			compatibilityVersion = "Xcode 3.2";
			developmentRegion = English;
			hasScannedForEncodings = 0;
			knownRegions = (
				en,
			);
			mainGroup = 650B2946198455C20097CA76;
			productRefGroup = 650B2950198455C20097CA76 /* Products */;
			projectDirPath = "";
			projectRoot = "";
			targets = (
				650B294E198455C20097CA76 /* hottub */,
				650B296E198455C30097CA76 /* hottubTests */,
			);
		};
/* End PBXProject section */

/* Begin PBXResourcesBuildPhase section */
		650B294D198455C20097CA76 /* Resources */ = {
			isa = PBXResourcesBuildPhase;
			buildActionMask = 2147483647;
			files = (
				650B295F198455C20097CA76 /* InfoPlist.strings in Resources */,
				650B296A198455C30097CA76 /* Images.xcassets in Resources */,
			);
			runOnlyForDeploymentPostprocessing = 0;
		};
		650B296D198455C30097CA76 /* Resources */ = {
			isa = PBXResourcesBuildPhase;
			buildActionMask = 2147483647;
			files = (
				650B297C198455C30097CA76 /* InfoPlist.strings in Resources */,
			);
			runOnlyForDeploymentPostprocessing = 0;
		};
/* End PBXResourcesBuildPhase section */

/* Begin PBXShellScriptBuildPhase section */
		13BE1698D0AC4B5E8C7E261B /* Check Pods Manifest.lock */ = {
			isa = PBXShellScriptBuildPhase;
			buildActionMask = 2147483647;
			files = (
			);
			inputPaths = (
			);
			name = "Check Pods Manifest.lock";
			outputPaths = (
			);
			runOnlyForDeploymentPostprocessing = 0;
			shellPath = /bin/sh;
			shellScript = "diff \"${PODS_ROOT}/../Podfile.lock\" \"${PODS_ROOT}/Manifest.lock\" > /dev/null\nif [[ $? != 0 ]] ; then\n    cat << EOM\nerror: The sandbox is not in sync with the Podfile.lock. Run 'pod install' or update your CocoaPods installation.\nEOM\n    exit 1\nfi\n";
			showEnvVarsInLog = 0;
		};
		352E84736B254BEEABDF3650 /* Copy Pods Resources */ = {
			isa = PBXShellScriptBuildPhase;
			buildActionMask = 2147483647;
			files = (
			);
			inputPaths = (
			);
			name = "Copy Pods Resources";
			outputPaths = (
			);
			runOnlyForDeploymentPostprocessing = 0;
			shellPath = /bin/sh;
			shellScript = "\"${SRCROOT}/Pods/Pods-resources.sh\"\n";
			showEnvVarsInLog = 0;
		};
/* End PBXShellScriptBuildPhase section */

/* Begin PBXSourcesBuildPhase section */
		650B294B198455C20097CA76 /* Sources */ = {
			isa = PBXSourcesBuildPhase;
			buildActionMask = 2147483647;
			files = (
				6588E3E41984B74300DDC675 /* ListFriendsViewController.m in Sources */,
				650B2965198455C30097CA76 /* AppDelegate.m in Sources */,
				6ED206A91984AFAD00645BBD /* HTUserManager.m in Sources */,
				5D33525219847E140049584A /* AccountBasicsViewController.m in Sources */,
				5D33524F198473F20049584A /* LandingViewController.m in Sources */,
				5D33524C19846F530049584A /* RegistrationViewController.m in Sources */,
				6588E3E11984B73000DDC675 /* FindFriendsViewController.m in Sources */,
				650B2961198455C20097CA76 /* main.m in Sources */,
				650B2968198455C30097CA76 /* hottub.xcdatamodeld in Sources */,
				5D3352551984A1060049584A /* UIImage+Resize.m in Sources */,
				650B298C19847CB80097CA76 /* AccountDetailsViewController.m in Sources */,
				6EAAC6FD198494D200B1315D /* WSMColorPalette.m in Sources */,
				6EAAC6FB198494D200B1315D /* WSMLogger.m in Sources */,
				6588E3E71984B75400DDC675 /* MainViewController.m in Sources */,
				6EAAC6FF198494D200B1315D /* CBLDatabase+WSMUtilities.m in Sources */,
				6EAAC7211984996300B1315D /* HTModel.m in Sources */,
				6EAAC715198498AD00B1315D /* HTUser.m in Sources */,
				6EAAC711198497E600B1315D /* HTAdvertiser.m in Sources */,
			);
			runOnlyForDeploymentPostprocessing = 0;
		};
		650B296B198455C30097CA76 /* Sources */ = {
			isa = PBXSourcesBuildPhase;
			buildActionMask = 2147483647;
			files = (
				6ED206AA1984AFAD00645BBD /* HTUserManager.m in Sources */,
				6EAAC712198497E600B1315D /* HTAdvertiser.m in Sources */,
				650B297E198455C30097CA76 /* hottubTests.m in Sources */,
				6EAAC700198494D200B1315D /* CBLDatabase+WSMUtilities.m in Sources */,
				6EAAC6FC198494D200B1315D /* WSMLogger.m in Sources */,
				6EAAC716198498AD00B1315D /* HTUser.m in Sources */,
				6EAAC7221984996300B1315D /* HTModel.m in Sources */,
				6EAAC6FE198494D200B1315D /* WSMColorPalette.m in Sources */,
			);
			runOnlyForDeploymentPostprocessing = 0;
		};
/* End PBXSourcesBuildPhase section */

/* Begin PBXTargetDependency section */
		650B2976198455C30097CA76 /* PBXTargetDependency */ = {
			isa = PBXTargetDependency;
			target = 650B294E198455C20097CA76 /* hottub */;
			targetProxy = 650B2975198455C30097CA76 /* PBXContainerItemProxy */;
		};
/* End PBXTargetDependency section */

/* Begin PBXVariantGroup section */
		650B295D198455C20097CA76 /* InfoPlist.strings */ = {
			isa = PBXVariantGroup;
			children = (
				650B295E198455C20097CA76 /* en */,
			);
			name = InfoPlist.strings;
			sourceTree = "<group>";
		};
		650B297A198455C30097CA76 /* InfoPlist.strings */ = {
			isa = PBXVariantGroup;
			children = (
				650B297B198455C30097CA76 /* en */,
			);
			name = InfoPlist.strings;
			sourceTree = "<group>";
		};
/* End PBXVariantGroup section */

/* Begin XCBuildConfiguration section */
		650B297F198455C30097CA76 /* Debug */ = {
			isa = XCBuildConfiguration;
			buildSettings = {
				ALWAYS_SEARCH_USER_PATHS = NO;
				CLANG_CXX_LANGUAGE_STANDARD = "gnu++0x";
				CLANG_CXX_LIBRARY = "libc++";
				CLANG_ENABLE_MODULES = YES;
				CLANG_ENABLE_OBJC_ARC = YES;
				CLANG_WARN_BOOL_CONVERSION = YES;
				CLANG_WARN_CONSTANT_CONVERSION = YES;
				CLANG_WARN_DIRECT_OBJC_ISA_USAGE = YES_ERROR;
				CLANG_WARN_EMPTY_BODY = YES;
				CLANG_WARN_ENUM_CONVERSION = YES;
				CLANG_WARN_INT_CONVERSION = YES;
				CLANG_WARN_OBJC_ROOT_CLASS = YES_ERROR;
				CLANG_WARN__DUPLICATE_METHOD_MATCH = YES;
				"CODE_SIGN_IDENTITY[sdk=iphoneos*]" = "iPhone Developer";
				COPY_PHASE_STRIP = NO;
				GCC_C_LANGUAGE_STANDARD = gnu99;
				GCC_DYNAMIC_NO_PIC = NO;
				GCC_OPTIMIZATION_LEVEL = 0;
				GCC_PREPROCESSOR_DEFINITIONS = (
					"DEBUG=1",
					"$(inherited)",
				);
				GCC_SYMBOLS_PRIVATE_EXTERN = NO;
				GCC_WARN_64_TO_32_BIT_CONVERSION = YES;
				GCC_WARN_ABOUT_RETURN_TYPE = YES_ERROR;
				GCC_WARN_UNDECLARED_SELECTOR = YES;
				GCC_WARN_UNINITIALIZED_AUTOS = YES_AGGRESSIVE;
				GCC_WARN_UNUSED_FUNCTION = YES;
				GCC_WARN_UNUSED_VARIABLE = YES;
				IPHONEOS_DEPLOYMENT_TARGET = 7.1;
				ONLY_ACTIVE_ARCH = YES;
				SDKROOT = iphoneos;
				TARGETED_DEVICE_FAMILY = "1,2";
			};
			name = Debug;
		};
		650B2980198455C30097CA76 /* Release */ = {
			isa = XCBuildConfiguration;
			buildSettings = {
				ALWAYS_SEARCH_USER_PATHS = NO;
				CLANG_CXX_LANGUAGE_STANDARD = "gnu++0x";
				CLANG_CXX_LIBRARY = "libc++";
				CLANG_ENABLE_MODULES = YES;
				CLANG_ENABLE_OBJC_ARC = YES;
				CLANG_WARN_BOOL_CONVERSION = YES;
				CLANG_WARN_CONSTANT_CONVERSION = YES;
				CLANG_WARN_DIRECT_OBJC_ISA_USAGE = YES_ERROR;
				CLANG_WARN_EMPTY_BODY = YES;
				CLANG_WARN_ENUM_CONVERSION = YES;
				CLANG_WARN_INT_CONVERSION = YES;
				CLANG_WARN_OBJC_ROOT_CLASS = YES_ERROR;
				CLANG_WARN__DUPLICATE_METHOD_MATCH = YES;
				"CODE_SIGN_IDENTITY[sdk=iphoneos*]" = "iPhone Developer";
				COPY_PHASE_STRIP = YES;
				ENABLE_NS_ASSERTIONS = NO;
				GCC_C_LANGUAGE_STANDARD = gnu99;
				GCC_WARN_64_TO_32_BIT_CONVERSION = YES;
				GCC_WARN_ABOUT_RETURN_TYPE = YES_ERROR;
				GCC_WARN_UNDECLARED_SELECTOR = YES;
				GCC_WARN_UNINITIALIZED_AUTOS = YES_AGGRESSIVE;
				GCC_WARN_UNUSED_FUNCTION = YES;
				GCC_WARN_UNUSED_VARIABLE = YES;
				IPHONEOS_DEPLOYMENT_TARGET = 7.1;
				SDKROOT = iphoneos;
				TARGETED_DEVICE_FAMILY = "1,2";
				VALIDATE_PRODUCT = YES;
			};
			name = Release;
		};
		650B2982198455C30097CA76 /* Debug */ = {
			isa = XCBuildConfiguration;
			baseConfigurationReference = 87663D3A33D9405A8C6ED099 /* Pods.xcconfig */;
			buildSettings = {
				ASSETCATALOG_COMPILER_APPICON_NAME = AppIcon;
				ASSETCATALOG_COMPILER_LAUNCHIMAGE_NAME = LaunchImage;
				CODE_SIGN_IDENTITY = "iPhone Developer";
				FRAMEWORK_SEARCH_PATHS = (
					"$(inherited)",
					"$(PROJECT_DIR)",
					/Users/danielheins/Downloads,
				);
				GCC_PRECOMPILE_PREFIX_HEADER = YES;
				GCC_PREFIX_HEADER = "hottub/hottub-Prefix.pch";
				INFOPLIST_FILE = "hottub/hottub-Info.plist";
				ONLY_ACTIVE_ARCH = YES;
				PRODUCT_NAME = "$(TARGET_NAME)";
				VALID_ARCHS = "arm64 armv7 armv7s";
				WRAPPER_EXTENSION = app;
			};
			name = Debug;
		};
		650B2983198455C30097CA76 /* Release */ = {
			isa = XCBuildConfiguration;
			baseConfigurationReference = 87663D3A33D9405A8C6ED099 /* Pods.xcconfig */;
			buildSettings = {
				ASSETCATALOG_COMPILER_APPICON_NAME = AppIcon;
				ASSETCATALOG_COMPILER_LAUNCHIMAGE_NAME = LaunchImage;
				CODE_SIGN_IDENTITY = "iPhone Developer";
				FRAMEWORK_SEARCH_PATHS = (
					"$(inherited)",
					"$(PROJECT_DIR)",
					/Users/danielheins/Downloads,
				);
				GCC_PRECOMPILE_PREFIX_HEADER = YES;
				GCC_PREFIX_HEADER = "hottub/hottub-Prefix.pch";
				INFOPLIST_FILE = "hottub/hottub-Info.plist";
				ONLY_ACTIVE_ARCH = YES;
				PRODUCT_NAME = "$(TARGET_NAME)";
				VALID_ARCHS = "arm64 armv7 armv7s";
				WRAPPER_EXTENSION = app;
			};
			name = Release;
		};
		650B2985198455C30097CA76 /* Debug */ = {
			isa = XCBuildConfiguration;
			buildSettings = {
				BUNDLE_LOADER = "$(BUILT_PRODUCTS_DIR)/hottub.app/hottub";
				FRAMEWORK_SEARCH_PATHS = (
					"$(SDKROOT)/Developer/Library/Frameworks",
					"$(inherited)",
					"$(DEVELOPER_FRAMEWORKS_DIR)",
					"$(PROJECT_DIR)",
				);
				GCC_PRECOMPILE_PREFIX_HEADER = YES;
				GCC_PREFIX_HEADER = "hottub/hottub-Prefix.pch";
				GCC_PREPROCESSOR_DEFINITIONS = (
					"DEBUG=1",
					"$(inherited)",
				);
				INFOPLIST_FILE = "hottubTests/hottubTests-Info.plist";
				PRODUCT_NAME = "$(TARGET_NAME)";
				TEST_HOST = "$(BUNDLE_LOADER)";
				WRAPPER_EXTENSION = xctest;
			};
			name = Debug;
		};
		650B2986198455C30097CA76 /* Release */ = {
			isa = XCBuildConfiguration;
			buildSettings = {
				BUNDLE_LOADER = "$(BUILT_PRODUCTS_DIR)/hottub.app/hottub";
				FRAMEWORK_SEARCH_PATHS = (
					"$(SDKROOT)/Developer/Library/Frameworks",
					"$(inherited)",
					"$(DEVELOPER_FRAMEWORKS_DIR)",
					"$(PROJECT_DIR)",
				);
				GCC_PRECOMPILE_PREFIX_HEADER = YES;
				GCC_PREFIX_HEADER = "hottub/hottub-Prefix.pch";
				INFOPLIST_FILE = "hottubTests/hottubTests-Info.plist";
				PRODUCT_NAME = "$(TARGET_NAME)";
				TEST_HOST = "$(BUNDLE_LOADER)";
				WRAPPER_EXTENSION = xctest;
			};
			name = Release;
		};
/* End XCBuildConfiguration section */

/* Begin XCConfigurationList section */
		650B294A198455C20097CA76 /* Build configuration list for PBXProject "hottub" */ = {
			isa = XCConfigurationList;
			buildConfigurations = (
				650B297F198455C30097CA76 /* Debug */,
				650B2980198455C30097CA76 /* Release */,
			);
			defaultConfigurationIsVisible = 0;
			defaultConfigurationName = Release;
		};
		650B2981198455C30097CA76 /* Build configuration list for PBXNativeTarget "hottub" */ = {
			isa = XCConfigurationList;
			buildConfigurations = (
				650B2982198455C30097CA76 /* Debug */,
				650B2983198455C30097CA76 /* Release */,
			);
			defaultConfigurationIsVisible = 0;
			defaultConfigurationName = Release;
		};
		650B2984198455C30097CA76 /* Build configuration list for PBXNativeTarget "hottubTests" */ = {
			isa = XCConfigurationList;
			buildConfigurations = (
				650B2985198455C30097CA76 /* Debug */,
				650B2986198455C30097CA76 /* Release */,
			);
			defaultConfigurationIsVisible = 0;
			defaultConfigurationName = Release;
		};
/* End XCConfigurationList section */

/* Begin XCVersionGroup section */
		650B2966198455C30097CA76 /* hottub.xcdatamodeld */ = {
			isa = XCVersionGroup;
			children = (
				650B2967198455C30097CA76 /* hottub.xcdatamodel */,
			);
			currentVersion = 650B2967198455C30097CA76 /* hottub.xcdatamodel */;
			path = hottub.xcdatamodeld;
			sourceTree = "<group>";
			versionGroupType = wrapper.xcdatamodel;
		};
/* End XCVersionGroup section */
	};
	rootObject = 650B2947198455C20097CA76 /* Project object */;
}
